github.com/ghodss/yaml v1.0.0/go.mod h1:4dBDuWmgqj2HViK6kFavaiC9ZROes6MMH2rRYeMEF04=
github.com/hashicorp/errwrap v1.0.0 h1:hLrqtEDnRye3+sgx6z4qVLNuviH3MR5aQ0ykNJa/UYA=
github.com/hashicorp/errwrap v1.0.0/go.mod h1:YH+1FKiLXxHSkmPseP+kNlulaMuP3n2brvKWEqk/Jc4=
github.com/hashicorp/go-msgpack v1.1.5 h1:9byZdVjKTe5mce63pRVNP1L7UAmdHOTEMGehn6KvJWs=
github.com/hashicorp/go-msgpack v1.1.5/go.mod h1:gWVc3sv/wbDmR3rQsj1CAktEZzoz1YNK9NfGLXJ69/4=
github.com/hashicorp/go-multierror v1.1.1 h1:H5DkEtf6CXdFp0N0Em5UCwQpXMWke8IA0+lD48awMYo=
github.com/hashicorp/go-multierror v1.1.1/go.mod h1:iw975J/qwKPdAO1clOe2L8331t/9/fmwbPZ6JB6eMoM=
github.com/hashicorp/net-rpc-msgpackrpc v0.0.0-20151116020338-a14192a58a69 h1:lc3c72qGlIMDqQpQH82Y4vaglRMMFdJbziYWriR4UcE=
github.com/hashicorp/net-rpc-msgpackrpc v0.0.0-20151116020338-a14192a58a69/go.mod h1:/z+jUGRBlwVpUZfjute9jWaF6/HuhjuFQuL1YXzVD1Q=
github.com/pkg/errors v0.9.1 h1:FEBLx1zS214owpjy7qsBeixbURkuhQAwrK5UwLGTwt4=
github.com/pkg/errors v0.9.1/go.mod h1:bwawxfHBFNV+L2hUp1rHADufV3IMtnDRdf1r5NINEl0=
github.com/toolkits/concurrent v0.0.0-20150624120057-a4371d70e3e3 h1:kF/7m/ZU+0D4Jj5eZ41Zm3IH/J8OElK1Qtd7tVKAwLk=
github.com/toolkits/concurrent v0.0.0-20150624120057-a4371d70e3e3/go.mod h1:QDlpd3qS71vYtakd2hmdpqhJ9nwv6mD6A30bQ1BPBFE=
github.com/toolkits/consistent v0.0.0-20150827090850-a6f56a64d1b1 h1:KKVW3VjyAvOcaAtlssIfMRhGDnqQ90VcXGZfaaNvm1M=
github.com/toolkits/consistent v0.0.0-20150827090850-a6f56a64d1b1/go.mod h1:/Oysd5WDkGyGtCOpVwF3OI3Bd4ZzfGgMvGyAf82R1kU=
github.com/toolkits/container v0.0.0-20151219225805-ba7d73adeaca h1:bUNxqD2ULaaoBA5RLX6YJThj2c75S1BUMT4BmzqkE40=
github.com/toolkits/container v0.0.0-20151219225805-ba7d73adeaca/go.mod h1:Z1hsEp8J9dDg5gRss4uixVSS19XDA4dw6S9ZcBm+hB8=
github.com/toolkits/proc v0.0.0-20170520054645-8c734d0eb018 h1:3XcjQU/SBh80DXhAZOekQMb287zmYwIyaBlWIo8MhA8=
github.com/toolkits/proc v0.0.0-20170520054645-8c734d0eb018/go.mod h1:qUAga2ZoGIcH8+lJeKAutG8SJry/D4+dQCKnmGbqk9s=
github.com/toolkits/time v0.0.0-20160524122720-c274716e8d7f h1:dcluAE5OGvcWy7xfrNrYXQrgEUSK34vBpq7mKTE1zz0=
github.com/toolkits/time v0.0.0-20160524122720-c274716e8d7f/go.mod h1:XaIcQHoNgaZn0rTaVOUwOBrsENnHREEBzWmon3ZjUFY=
golang.org/x/crypto v0.0.0-20190308221718-c2843e01d9a2/go.mod h1:djNgcEr1/C05ACkg1iLfiJU5Ep61QUkGW8qpdssI0+w=
golang.org/x/net v0.0.0-20190311183353-d8887717615a/go.mod h1:t9HGtf8HONx5eT2rtn7q6eTqICYqUVnKs3thJo3Qplg=
golang.org/x/sync v0.0.0-20190423024810-112230192c58/go.mod h1:RxMgew5VJxzue5/jJTE5uejpjVlOe/izrB70Jof72aM=
golang.org/x/sys v0.0.0-20190215142949-d0b11bdaac8a/go.mod h1:STP8DvDyc/dI5b8T5hshtkjS+E42TnysNCUPdjciGhY=
golang.org/x/text v0.3.0/go.mod h1:NqM8EUOU14njkJ3fqMW+pc6Ldnwhi/IjpwHt7yyuwOQ=
golang.org/x/tools v0.0.0-20190424220101-1e8e1cfdf96b/go.mod h1:RgjU9mgBXZiqYHBnxXauZ1Gv1EHHAz9KjViQ78xBX0Q=
gopkg.in/check.v1 v0.0.0-20161208181325-20d25e280405 h1:yhCVgyC4o1eVCa2tZl7eS0r+SDo693bJlVdllGtEeKM=
gopkg.in/check.v1 v0.0.0-20161208181325-20d25e280405/go.mod h1:Co6ibVJAznAaIkqp8huTwlJQCZ016jof/cbN4VW5Yz0=
gopkg.in/yaml.v2 v2.4.0/go.mod h1:RDklbk79AGWmwhnvt/jBztapEOGDOx6ZbXqjP6csGnQ=
gopkg.in/yaml.v3 v3.0.0-20210107192922-496545a6307b h1:h8qDotaEPuJATrMmW04NCwg7v22aHH28wwpauUhK9Oo=
gopkg.in/yaml.v3 v3.0.0-20210107192922-496545a6307b/go.mod h1:K4uyk7z7BCEPqu6E+C64Yfv1cQ7kz7rIZviUmN+EgEM=
